
Microsoft Visual Studio Solution File, Format Version 12.00
# Visual Studio Version 17
VisualStudioVersion = 17.0.32014.148
MinimumVisualStudioVersion = 10.0.40219.1
Project("{FAE04EC0-301F-11D3-BF4B-00C04F79EFBC}") = "CrystalSharpEventStoreMySqlIntegrationExample.Application", "CrystalSharpEventStoreMySqlIntegrationExample.Application\CrystalSharpEventStoreMySqlIntegrationExample.Application.csproj", "{0D6B1E7B-2A92-42E7-8469-D07CB40649FB}"
EndProject
Project("{FAE04EC0-301F-11D3-BF4B-00C04F79EFBC}") = "CrystalSharpEventStoreMySqlIntegrationExample.Api", "CrystalSharpEventStoreMySqlIntegrationExample.Api\CrystalSharpEventStoreMySqlIntegrationExample.Api.csproj", "{605977F6-DF68-408D-8844-2B1142D8044B}"
EndProject
Global
	GlobalSection(SolutionConfigurationPlatforms) = preSolution
		Debug|Any CPU = Debug|Any CPU
		Release|Any CPU = Release|Any CPU
	EndGlobalSection
	GlobalSection(ProjectConfigurationPlatforms) = postSolution
		{0D6B1E7B-2A92-42E7-8469-D07CB40649FB}.Debug|Any CPU.ActiveCfg = Debug|Any CPU
		{0D6B1E7B-2A92-42E7-8469-D07CB40649FB}.Debug|Any CPU.Build.0 = Debug|Any CPU
		{0D6B1E7B-2A92-42E7-8469-D07CB40649FB}.Release|Any CPU.ActiveCfg = Release|Any CPU
		{0D6B1E7B-2A92-42E7-8469-D07CB40649FB}.Release|Any CPU.Build.0 = Release|Any CPU
		{605977F6-DF68-408D-8844-2B1142D8044B}.Debug|Any CPU.ActiveCfg = Debug|Any CPU
		{605977F6-DF68-408D-8844-2B1142D8044B}.Debug|Any CPU.Build.0 = Debug|Any CPU
		{605977F6-DF68-408D-8844-2B1142D8044B}.Release|Any CPU.ActiveCfg = Release|Any CPU
		{605977F6-DF68-408D-8844-2B1142D8044B}.Release|Any CPU.Build.0 = Release|Any CPU
	EndGlobalSection
	GlobalSection(SolutionProperties) = preSolution
		HideSolutionNode = FALSE
	EndGlobalSection
	GlobalSection(ExtensibilityGlobals) = postSolution
		SolutionGuid = {75EA556B-CABA-4A52-AD77-F6FF849FC1DD}
	EndGlobalSection
EndGlobal
